
Microsoft Visual Studio Solution File, Format Version 12.00
# Visual Studio Version 16
VisualStudioVersion = 16.0.30717.126
MinimumVisualStudioVersion = 10.0.40219.1
Project("{FAE04EC0-301F-11D3-BF4B-00C04F79EFBC}") = "Kutuphane_Otomasyonu", "Kutuphane_Otomasyonu\Kutuphane_Otomasyonu.csproj", "{B131E99D-0ECD-418A-8B1C-CE0FB55916F3}"
EndProject
Project("{FAE04EC0-301F-11D3-BF4B-00C04F79EFBC}") = "BusinessLayer", "BusinessLayer\BusinessLayer.csproj", "{0F6FED0E-C900-4C6D-9643-F1E1F256BF90}"
EndProject
Project("{FAE04EC0-301F-11D3-BF4B-00C04F79EFBC}") = "DataAccessLayer", "DataAccessLayer\DataAccessLayer.csproj", "{C9F8F3D3-8F5B-4E31-8213-0A46BD6D9DEF}"
EndProject
Global
	GlobalSection(SolutionConfigurationPlatforms) = preSolution
		Debug|Any CPU = Debug|Any CPU
		Debug|x64 = Debug|x64
		Release|Any CPU = Release|Any CPU
		Release|x64 = Release|x64
	EndGlobalSection
	GlobalSection(ProjectConfigurationPlatforms) = postSolution
		{B131E99D-0ECD-418A-8B1C-CE0FB55916F3}.Debug|Any CPU.ActiveCfg = Debug|Any CPU
		{B131E99D-0ECD-418A-8B1C-CE0FB55916F3}.Debug|Any CPU.Build.0 = Debug|Any CPU
		{B131E99D-0ECD-418A-8B1C-CE0FB55916F3}.Debug|x64.ActiveCfg = Debug|x64
		{B131E99D-0ECD-418A-8B1C-CE0FB55916F3}.Debug|x64.Build.0 = Debug|x64
		{B131E99D-0ECD-418A-8B1C-CE0FB55916F3}.Release|Any CPU.ActiveCfg = Release|Any CPU
		{B131E99D-0ECD-418A-8B1C-CE0FB55916F3}.Release|Any CPU.Build.0 = Release|Any CPU
		{B131E99D-0ECD-418A-8B1C-CE0FB55916F3}.Release|x64.ActiveCfg = Release|x64
		{B131E99D-0ECD-418A-8B1C-CE0FB55916F3}.Release|x64.Build.0 = Release|x64
		{0F6FED0E-C900-4C6D-9643-F1E1F256BF90}.Debug|Any CPU.ActiveCfg = Debug|Any CPU
		{0F6FED0E-C900-4C6D-9643-F1E1F256BF90}.Debug|Any CPU.Build.0 = Debug|Any CPU
		{0F6FED0E-C900-4C6D-9643-F1E1F256BF90}.Debug|x64.ActiveCfg = Debug|x64
		{0F6FED0E-C900-4C6D-9643-F1E1F256BF90}.Debug|x64.Build.0 = Debug|x64
		{0F6FED0E-C900-4C6D-9643-F1E1F256BF90}.Release|Any CPU.ActiveCfg = Release|Any CPU
		{0F6FED0E-C900-4C6D-9643-F1E1F256BF90}.Release|Any CPU.Build.0 = Release|Any CPU
		{0F6FED0E-C900-4C6D-9643-F1E1F256BF90}.Release|x64.ActiveCfg = Release|x64
		{0F6FED0E-C900-4C6D-9643-F1E1F256BF90}.Release|x64.Build.0 = Release|x64
		{C9F8F3D3-8F5B-4E31-8213-0A46BD6D9DEF}.Debug|Any CPU.ActiveCfg = Debug|Any CPU
		{C9F8F3D3-8F5B-4E31-8213-0A46BD6D9DEF}.Debug|Any CPU.Build.0 = Debug|Any CPU
		{C9F8F3D3-8F5B-4E31-8213-0A46BD6D9DEF}.Debug|x64.ActiveCfg = Debug|x64
		{C9F8F3D3-8F5B-4E31-8213-0A46BD6D9DEF}.Debug|x64.Build.0 = Debug|x64
		{C9F8F3D3-8F5B-4E31-8213-0A46BD6D9DEF}.Release|Any CPU.ActiveCfg = Release|Any CPU
		{C9F8F3D3-8F5B-4E31-8213-0A46BD6D9DEF}.Release|Any CPU.Build.0 = Release|Any CPU
		{C9F8F3D3-8F5B-4E31-8213-0A46BD6D9DEF}.Release|x64.ActiveCfg = Release|x64
		{C9F8F3D3-8F5B-4E31-8213-0A46BD6D9DEF}.Release|x64.Build.0 = Release|x64
	EndGlobalSection
	GlobalSection(SolutionProperties) = preSolution
		HideSolutionNode = FALSE
	EndGlobalSection
	GlobalSection(ExtensibilityGlobals) = postSolution
		SolutionGuid = {9E3AC290-7D2A-4DCE-8AA8-1CB0D46808BA}
	EndGlobalSection
EndGlobal
